
Microsoft Visual Studio Solution File, Format Version 12.00
# Visual Studio Version 17
VisualStudioVersion = 17.5.002.0
MinimumVisualStudioVersion = 10.0.40219.1
Project("{9A19103F-16F7-4668-BE54-9A1E7A4F7556}") = "MenuUngDung", "MenuUngDung.csproj", "{A1334305-7528-4C8D-8C2F-525293B56422}"
EndProject
Global
	GlobalSection(SolutionConfigurationPlatforms) = preSolution
		Debug|Any CPU = Debug|Any CPU
		Release|Any CPU = Release|Any CPU
	EndGlobalSection
	GlobalSection(ProjectConfigurationPlatforms) = postSolution
		{A1334305-7528-4C8D-8C2F-525293B56422}.Debug|Any CPU.ActiveCfg = Debug|Any CPU
		{A1334305-7528-4C8D-8C2F-525293B56422}.Debug|Any CPU.Build.0 = Debug|Any CPU
		{A1334305-7528-4C8D-8C2F-525293B56422}.Release|Any CPU.ActiveCfg = Release|Any CPU
		{A1334305-7528-4C8D-8C2F-525293B56422}.Release|Any CPU.Build.0 = Release|Any CPU
	EndGlobalSection
	GlobalSection(SolutionProperties) = preSolution
		HideSolutionNode = FALSE
	EndGlobalSection
	GlobalSection(ExtensibilityGlobals) = postSolution
		SolutionGuid = {710A4891-3DC0-4F95-88AB-DBE54CCBA0AA}
	EndGlobalSection
EndGlobal
